
Microsoft Visual Studio Solution File, Format Version 12.00
# Visual Studio Version 17
VisualStudioVersion = 17.9.34607.119
MinimumVisualStudioVersion = 10.0.40219.1
Project("{FAE04EC0-301F-11D3-BF4B-00C04F79EFBC}") = "problem # 01", "problem # 01.csproj", "{C618D253-C5F3-470B-86E1-8C79E03D9447}"
EndProject
Global
	GlobalSection(SolutionConfigurationPlatforms) = preSolution
		Debug|Any CPU = Debug|Any CPU
		Release|Any CPU = Release|Any CPU
	EndGlobalSection
	GlobalSection(ProjectConfigurationPlatforms) = postSolution
		{C618D253-C5F3-470B-86E1-8C79E03D9447}.Debug|Any CPU.ActiveCfg = Debug|Any CPU
		{C618D253-C5F3-470B-86E1-8C79E03D9447}.Debug|Any CPU.Build.0 = Debug|Any CPU
		{C618D253-C5F3-470B-86E1-8C79E03D9447}.Release|Any CPU.ActiveCfg = Release|Any CPU
		{C618D253-C5F3-470B-86E1-8C79E03D9447}.Release|Any CPU.Build.0 = Release|Any CPU
	EndGlobalSection
	GlobalSection(SolutionProperties) = preSolution
		HideSolutionNode = FALSE
	EndGlobalSection
	GlobalSection(ExtensibilityGlobals) = postSolution
		SolutionGuid = {B347E591-97FF-4894-B32B-9FB98CF00FC9}
	EndGlobalSection
EndGlobal
