
Microsoft Visual Studio Solution File, Format Version 12.00
# Visual Studio Version 17
VisualStudioVersion = 17.9.34607.119
MinimumVisualStudioVersion = 10.0.40219.1
Project("{FAE04EC0-301F-11D3-BF4B-00C04F79EFBC}") = "problem #05(console app)", "problem #05(console app).csproj", "{99D7F7BE-D19D-4C3C-8D88-3F5B10FA049B}"
EndProject
Global
	GlobalSection(SolutionConfigurationPlatforms) = preSolution
		Debug|Any CPU = Debug|Any CPU
		Release|Any CPU = Release|Any CPU
	EndGlobalSection
	GlobalSection(ProjectConfigurationPlatforms) = postSolution
		{99D7F7BE-D19D-4C3C-8D88-3F5B10FA049B}.Debug|Any CPU.ActiveCfg = Debug|Any CPU
		{99D7F7BE-D19D-4C3C-8D88-3F5B10FA049B}.Debug|Any CPU.Build.0 = Debug|Any CPU
		{99D7F7BE-D19D-4C3C-8D88-3F5B10FA049B}.Release|Any CPU.ActiveCfg = Release|Any CPU
		{99D7F7BE-D19D-4C3C-8D88-3F5B10FA049B}.Release|Any CPU.Build.0 = Release|Any CPU
	EndGlobalSection
	GlobalSection(SolutionProperties) = preSolution
		HideSolutionNode = FALSE
	EndGlobalSection
	GlobalSection(ExtensibilityGlobals) = postSolution
		SolutionGuid = {7261C29D-7EA7-4BD5-9B16-BA60689662AA}
	EndGlobalSection
EndGlobal
