
Microsoft Visual Studio Solution File, Format Version 12.00
# Visual Studio Version 17
VisualStudioVersion = 17.9.34728.123
MinimumVisualStudioVersion = 10.0.40219.1
Project("{FAE04EC0-301F-11D3-BF4B-00C04F79EFBC}") = "Student Data", "Student Data\Student Data.csproj", "{FD36157C-0B34-4FC7-B7F3-119892ECD2DB}"
EndProject
Global
	GlobalSection(SolutionConfigurationPlatforms) = preSolution
		Debug|Any CPU = Debug|Any CPU
		Release|Any CPU = Release|Any CPU
	EndGlobalSection
	GlobalSection(ProjectConfigurationPlatforms) = postSolution
		{FD36157C-0B34-4FC7-B7F3-119892ECD2DB}.Debug|Any CPU.ActiveCfg = Debug|Any CPU
		{FD36157C-0B34-4FC7-B7F3-119892ECD2DB}.Debug|Any CPU.Build.0 = Debug|Any CPU
		{FD36157C-0B34-4FC7-B7F3-119892ECD2DB}.Release|Any CPU.ActiveCfg = Release|Any CPU
		{FD36157C-0B34-4FC7-B7F3-119892ECD2DB}.Release|Any CPU.Build.0 = Release|Any CPU
	EndGlobalSection
	GlobalSection(SolutionProperties) = preSolution
		HideSolutionNode = FALSE
	EndGlobalSection
	GlobalSection(ExtensibilityGlobals) = postSolution
		SolutionGuid = {1EE41BB5-C296-4D8E-BFAD-64FDE2428898}
	EndGlobalSection
EndGlobal
