
Microsoft Visual Studio Solution File, Format Version 12.00
# Visual Studio Version 17
VisualStudioVersion = 17.9.34728.123
MinimumVisualStudioVersion = 10.0.40219.1
Project("{FAE04EC0-301F-11D3-BF4B-00C04F79EFBC}") = "WindowsFormsApp1tg5r", "WindowsFormsApp1tg5r\WindowsFormsApp1tg5r.csproj", "{76492AE5-E3E0-45D8-A4AD-CEA01D6DF27A}"
EndProject
Global
	GlobalSection(SolutionConfigurationPlatforms) = preSolution
		Debug|Any CPU = Debug|Any CPU
		Release|Any CPU = Release|Any CPU
	EndGlobalSection
	GlobalSection(ProjectConfigurationPlatforms) = postSolution
		{76492AE5-E3E0-45D8-A4AD-CEA01D6DF27A}.Debug|Any CPU.ActiveCfg = Debug|Any CPU
		{76492AE5-E3E0-45D8-A4AD-CEA01D6DF27A}.Debug|Any CPU.Build.0 = Debug|Any CPU
		{76492AE5-E3E0-45D8-A4AD-CEA01D6DF27A}.Release|Any CPU.ActiveCfg = Release|Any CPU
		{76492AE5-E3E0-45D8-A4AD-CEA01D6DF27A}.Release|Any CPU.Build.0 = Release|Any CPU
	EndGlobalSection
	GlobalSection(SolutionProperties) = preSolution
		HideSolutionNode = FALSE
	EndGlobalSection
	GlobalSection(ExtensibilityGlobals) = postSolution
		SolutionGuid = {7E7AFB69-3346-431B-9D7F-8AABBAFCDDCB}
	EndGlobalSection
EndGlobal
