
Microsoft Visual Studio Solution File, Format Version 12.00
# Visual Studio Version 17
VisualStudioVersion = 17.9.34607.119
MinimumVisualStudioVersion = 10.0.40219.1
Project("{FAE04EC0-301F-11D3-BF4B-00C04F79EFBC}") = "problem # 09(console app)", "problem # 09(console app).csproj", "{6DDBFF5B-F8DD-4A3B-8B17-ABAEA401514A}"
EndProject
Global
	GlobalSection(SolutionConfigurationPlatforms) = preSolution
		Debug|Any CPU = Debug|Any CPU
		Release|Any CPU = Release|Any CPU
	EndGlobalSection
	GlobalSection(ProjectConfigurationPlatforms) = postSolution
		{6DDBFF5B-F8DD-4A3B-8B17-ABAEA401514A}.Debug|Any CPU.ActiveCfg = Debug|Any CPU
		{6DDBFF5B-F8DD-4A3B-8B17-ABAEA401514A}.Debug|Any CPU.Build.0 = Debug|Any CPU
		{6DDBFF5B-F8DD-4A3B-8B17-ABAEA401514A}.Release|Any CPU.ActiveCfg = Release|Any CPU
		{6DDBFF5B-F8DD-4A3B-8B17-ABAEA401514A}.Release|Any CPU.Build.0 = Release|Any CPU
	EndGlobalSection
	GlobalSection(SolutionProperties) = preSolution
		HideSolutionNode = FALSE
	EndGlobalSection
	GlobalSection(ExtensibilityGlobals) = postSolution
		SolutionGuid = {ACFC9402-2791-4E16-B085-38941D46AA3A}
	EndGlobalSection
EndGlobal
