
Microsoft Visual Studio Solution File, Format Version 12.00
# Visual Studio Version 17
VisualStudioVersion = 17.9.34728.123
MinimumVisualStudioVersion = 10.0.40219.1
Project("{FAE04EC0-301F-11D3-BF4B-00C04F79EFBC}") = "Notepad Windows Form", "Notepad Windows Form\Notepad Windows Form.csproj", "{8D023E8C-60BE-46E6-B18C-D4EDD428EE33}"
EndProject
Global
	GlobalSection(SolutionConfigurationPlatforms) = preSolution
		Debug|Any CPU = Debug|Any CPU
		Release|Any CPU = Release|Any CPU
	EndGlobalSection
	GlobalSection(ProjectConfigurationPlatforms) = postSolution
		{8D023E8C-60BE-46E6-B18C-D4EDD428EE33}.Debug|Any CPU.ActiveCfg = Debug|Any CPU
		{8D023E8C-60BE-46E6-B18C-D4EDD428EE33}.Debug|Any CPU.Build.0 = Debug|Any CPU
		{8D023E8C-60BE-46E6-B18C-D4EDD428EE33}.Release|Any CPU.ActiveCfg = Release|Any CPU
		{8D023E8C-60BE-46E6-B18C-D4EDD428EE33}.Release|Any CPU.Build.0 = Release|Any CPU
	EndGlobalSection
	GlobalSection(SolutionProperties) = preSolution
		HideSolutionNode = FALSE
	EndGlobalSection
	GlobalSection(ExtensibilityGlobals) = postSolution
		SolutionGuid = {A5CA0FF9-7031-4E20-B144-4280B09A4AF1}
	EndGlobalSection
EndGlobal
