
Microsoft Visual Studio Solution File, Format Version 12.00
# Visual Studio Version 17
VisualStudioVersion = 17.9.34728.123
MinimumVisualStudioVersion = 10.0.40219.1
Project("{FAE04EC0-301F-11D3-BF4B-00C04F79EFBC}") = "Create a result of new student", "Create a result of new student\Create a result of new student.csproj", "{974A85C2-2054-400E-A3CD-4D75081A32F8}"
EndProject
Global
	GlobalSection(SolutionConfigurationPlatforms) = preSolution
		Debug|Any CPU = Debug|Any CPU
		Release|Any CPU = Release|Any CPU
	EndGlobalSection
	GlobalSection(ProjectConfigurationPlatforms) = postSolution
		{974A85C2-2054-400E-A3CD-4D75081A32F8}.Debug|Any CPU.ActiveCfg = Debug|Any CPU
		{974A85C2-2054-400E-A3CD-4D75081A32F8}.Debug|Any CPU.Build.0 = Debug|Any CPU
		{974A85C2-2054-400E-A3CD-4D75081A32F8}.Release|Any CPU.ActiveCfg = Release|Any CPU
		{974A85C2-2054-400E-A3CD-4D75081A32F8}.Release|Any CPU.Build.0 = Release|Any CPU
	EndGlobalSection
	GlobalSection(SolutionProperties) = preSolution
		HideSolutionNode = FALSE
	EndGlobalSection
	GlobalSection(ExtensibilityGlobals) = postSolution
		SolutionGuid = {B5785C0C-1590-4B6C-9998-8E8CFE51B4F3}
	EndGlobalSection
EndGlobal
